
Microsoft Visual Studio Solution File, Format Version 12.00
# Visual Studio Version 16
VisualStudioVersion = 16.0.29424.173
MinimumVisualStudioVersion = 10.0.40219.1
Project("{FAE04EC0-301F-11D3-BF4B-00C04F79EFBC}") = "GenericosRestricciones", "GenericosRestricciones\GenericosRestricciones.csproj", "{B21D1D7F-28F7-4F29-B42B-A32C1607F376}"
EndProject
Global
	GlobalSection(SolutionConfigurationPlatforms) = preSolution
		Debug|Any CPU = Debug|Any CPU
		Release|Any CPU = Release|Any CPU
	EndGlobalSection
	GlobalSection(ProjectConfigurationPlatforms) = postSolution
		{B21D1D7F-28F7-4F29-B42B-A32C1607F376}.Debug|Any CPU.ActiveCfg = Debug|Any CPU
		{B21D1D7F-28F7-4F29-B42B-A32C1607F376}.Debug|Any CPU.Build.0 = Debug|Any CPU
		{B21D1D7F-28F7-4F29-B42B-A32C1607F376}.Release|Any CPU.ActiveCfg = Release|Any CPU
		{B21D1D7F-28F7-4F29-B42B-A32C1607F376}.Release|Any CPU.Build.0 = Release|Any CPU
	EndGlobalSection
	GlobalSection(SolutionProperties) = preSolution
		HideSolutionNode = FALSE
	EndGlobalSection
	GlobalSection(ExtensibilityGlobals) = postSolution
		SolutionGuid = {EB772E49-BD96-44B6-9304-D76C94F24A98}
	EndGlobalSection
EndGlobal
