
Microsoft Visual Studio Solution File, Format Version 12.00
# Visual Studio Version 16
VisualStudioVersion = 16.0.29424.173
MinimumVisualStudioVersion = 10.0.40219.1
Project("{FAE04EC0-301F-11D3-BF4B-00C04F79EFBC}") = "Genericos", "Genericos\Genericos.csproj", "{1B4F8ACF-5608-4873-85AB-69F86BA82564}"
EndProject
Global
	GlobalSection(SolutionConfigurationPlatforms) = preSolution
		Debug|Any CPU = Debug|Any CPU
		Release|Any CPU = Release|Any CPU
	EndGlobalSection
	GlobalSection(ProjectConfigurationPlatforms) = postSolution
		{1B4F8ACF-5608-4873-85AB-69F86BA82564}.Debug|Any CPU.ActiveCfg = Debug|Any CPU
		{1B4F8ACF-5608-4873-85AB-69F86BA82564}.Debug|Any CPU.Build.0 = Debug|Any CPU
		{1B4F8ACF-5608-4873-85AB-69F86BA82564}.Release|Any CPU.ActiveCfg = Release|Any CPU
		{1B4F8ACF-5608-4873-85AB-69F86BA82564}.Release|Any CPU.Build.0 = Release|Any CPU
	EndGlobalSection
	GlobalSection(SolutionProperties) = preSolution
		HideSolutionNode = FALSE
	EndGlobalSection
	GlobalSection(ExtensibilityGlobals) = postSolution
		SolutionGuid = {49EABE16-660A-43B9-99B0-5FA46423F17D}
	EndGlobalSection
EndGlobal
