
Microsoft Visual Studio Solution File, Format Version 12.00
# Visual Studio Version 16
VisualStudioVersion = 16.0.29424.173
MinimumVisualStudioVersion = 10.0.40219.1
Project("{FAE04EC0-301F-11D3-BF4B-00C04F79EFBC}") = "LanzamientoExcepciones", "LanzamientoExcepciones\LanzamientoExcepciones.csproj", "{05A5704E-9D4D-42E9-84F6-C2B8EE8BF36D}"
EndProject
Global
	GlobalSection(SolutionConfigurationPlatforms) = preSolution
		Debug|Any CPU = Debug|Any CPU
		Release|Any CPU = Release|Any CPU
	EndGlobalSection
	GlobalSection(ProjectConfigurationPlatforms) = postSolution
		{05A5704E-9D4D-42E9-84F6-C2B8EE8BF36D}.Debug|Any CPU.ActiveCfg = Debug|Any CPU
		{05A5704E-9D4D-42E9-84F6-C2B8EE8BF36D}.Debug|Any CPU.Build.0 = Debug|Any CPU
		{05A5704E-9D4D-42E9-84F6-C2B8EE8BF36D}.Release|Any CPU.ActiveCfg = Release|Any CPU
		{05A5704E-9D4D-42E9-84F6-C2B8EE8BF36D}.Release|Any CPU.Build.0 = Release|Any CPU
	EndGlobalSection
	GlobalSection(SolutionProperties) = preSolution
		HideSolutionNode = FALSE
	EndGlobalSection
	GlobalSection(ExtensibilityGlobals) = postSolution
		SolutionGuid = {69023379-92C8-4221-BBCE-6CA15256D4C4}
	EndGlobalSection
EndGlobal
